
Microsoft Visual Studio Solution File, Format Version 12.00
# Visual Studio Version 17
VisualStudioVersion = 17.7.34221.43
MinimumVisualStudioVersion = 10.0.40219.1
Project("{FAE04EC0-301F-11D3-BF4B-00C04F79EFBC}") = "KrivuljaOdmeta", "KrivuljaOdmeta.csproj", "{B8550F52-1634-4084-BEB6-5B80A287B580}"
EndProject
Global
	GlobalSection(SolutionConfigurationPlatforms) = preSolution
		Debug|Any CPU = Debug|Any CPU
		Release|Any CPU = Release|Any CPU
	EndGlobalSection
	GlobalSection(ProjectConfigurationPlatforms) = postSolution
		{B8550F52-1634-4084-BEB6-5B80A287B580}.Debug|Any CPU.ActiveCfg = Debug|Any CPU
		{B8550F52-1634-4084-BEB6-5B80A287B580}.Debug|Any CPU.Build.0 = Debug|Any CPU
		{B8550F52-1634-4084-BEB6-5B80A287B580}.Release|Any CPU.ActiveCfg = Release|Any CPU
		{B8550F52-1634-4084-BEB6-5B80A287B580}.Release|Any CPU.Build.0 = Release|Any CPU
	EndGlobalSection
	GlobalSection(SolutionProperties) = preSolution
		HideSolutionNode = FALSE
	EndGlobalSection
	GlobalSection(ExtensibilityGlobals) = postSolution
		SolutionGuid = {0446D8CD-100E-4D42-8816-B3E77C13BAA1}
	EndGlobalSection
EndGlobal
